Microsoft Visual Studio Solution File, Format Version 12.00
# Visual Studio Version 17
VisualStudioVersion = 17.5.2.0
MinimumVisualStudioVersion = 10.0.40219.1
Project("{FAE04EC0-301F-11D3-BF4B-00C04F79EFBC}") = "LivrosDetalhados", "LivrosDetalhados\LivrosDetalhados.csproj", "{D2F4A9D6-03F0-9CDD-1910-6561E90995ED}"
EndProject
Global
	GlobalSection(SolutionConfigurationPlatforms) = preSolution
		Debug|Any CPU = Debug|Any CPU
		Release|Any CPU = Release|Any CPU
	EndGlobalSection
	GlobalSection(ProjectConfigurationPlatforms) = postSolution
		{D2F4A9D6-03F0-9CDD-1910-6561E90995ED}.Debug|Any CPU.ActiveCfg = Debug|Any CPU
		{D2F4A9D6-03F0-9CDD-1910-6561E90995ED}.Debug|Any CPU.Build.0 = Debug|Any CPU
		{D2F4A9D6-03F0-9CDD-1910-6561E90995ED}.Release|Any CPU.ActiveCfg = Release|Any CPU
		{D2F4A9D6-03F0-9CDD-1910-6561E90995ED}.Release|Any CPU.Build.0 = Release|Any CPU
	EndGlobalSection
	GlobalSection(SolutionProperties) = preSolution
		HideSolutionNode = FALSE
	EndGlobalSection
	GlobalSection(ExtensibilityGlobals) = postSolution
		SolutionGuid = {6CEF7CF8-8C4B-4C93-9956-A9F34740C923}
	EndGlobalSection
EndGlobal
